// !$*UTF8*$!
{
	archiveVersion = 1;
	classes = {
	};
	objectVersion = 46;
	objects = {

/* Begin PBXBuildFile section */
		45D11844D8A76B88FA2E8AC7 /* Pods_MSWebApp_Example.framework in Frameworks */ = {isa = PBXBuildFile; fileRef = ABB6F2C37B104E0ECA2CA88A /* Pods_MSWebApp_Example.framework */; };
		6003F58E195388D20070C39A /* Foundation.framework in Frameworks */ = {isa = PBXBuildFile; fileRef = 6003F58D195388D20070C39A /* Foundation.framework */; };
		6003F590195388D20070C39A /* CoreGraphics.framework in Frameworks */ = {isa = PBXBuildFile; fileRef = 6003F58F195388D20070C39A /* CoreGraphics.framework */; };
		6003F592195388D20070C39A /* UIKit.framework in Frameworks */ = {isa = PBXBuildFile; fileRef = 6003F591195388D20070C39A /* UIKit.framework */; };
		6003F598195388D20070C39A /* InfoPlist.strings in Resources */ = {isa = PBXBuildFile; fileRef = 6003F596195388D20070C39A /* InfoPlist.strings */; };
		6003F59A195388D20070C39A /* main.m in Sources */ = {isa = PBXBuildFile; fileRef = 6003F599195388D20070C39A /* main.m */; };
		6003F59E195388D20070C39A /* MAppDelegate.m in Sources */ = {isa = PBXBuildFile; fileRef = 6003F59D195388D20070C39A /* MAppDelegate.m */; };
		6003F5A7195388D20070C39A /* MViewController.m in Sources */ = {isa = PBXBuildFile; fileRef = 6003F5A6195388D20070C39A /* MViewController.m */; };
		6003F5A9195388D20070C39A /* Images.xcassets in Resources */ = {isa = PBXBuildFile; fileRef = 6003F5A8195388D20070C39A /* Images.xcassets */; };
		873B8AEB1B1F5CCA007FD442 /* Main.storyboard in Resources */ = {isa = PBXBuildFile; fileRef = 873B8AEA1B1F5CCA007FD442 /* Main.storyboard */; };
		FC23C5351D802659005AA23F /* folder_blue@2x.png in Resources */ = {isa = PBXBuildFile; fileRef = FC23C5341D802659005AA23F /* folder_blue@2x.png */; };
		FC23C53A1D8027D1005AA23F /* css@2x.png in Resources */ = {isa = PBXBuildFile; fileRef = FC23C5361D8027D1005AA23F /* css@2x.png */; };
		FC23C53B1D8027D1005AA23F /* html@2x.png in Resources */ = {isa = PBXBuildFile; fileRef = FC23C5371D8027D1005AA23F /* html@2x.png */; };
		FC23C53C1D8027D1005AA23F /* js@2x.png in Resources */ = {isa = PBXBuildFile; fileRef = FC23C5381D8027D1005AA23F /* js@2x.png */; };
		FC23C53D1D8027D1005AA23F /* other@2x.png in Resources */ = {isa = PBXBuildFile; fileRef = FC23C5391D8027D1005AA23F /* other@2x.png */; };
		FC2D295C1D7E675F00714B73 /* MS_404_title.jpg in Resources */ = {isa = PBXBuildFile; fileRef = FC2D29591D7E675F00714B73 /* MS_404_title.jpg */; };
		FC2D295D1D7E675F00714B73 /* MS_404.jpg in Resources */ = {isa = PBXBuildFile; fileRef = FC2D295A1D7E675F00714B73 /* MS_404.jpg */; };
		FC2D295E1D7E675F00714B73 /* MSWeb_404.htm in Resources */ = {isa = PBXBuildFile; fileRef = FC2D295B1D7E675F00714B73 /* MSWeb_404.htm */; };
		FC7728431D6FD06200885BA3 /* Launch Screen.storyboard in Resources */ = {isa = PBXBuildFile; fileRef = FC7728421D6FD06200885BA3 /* Launch Screen.storyboard */; };
		FC7728561D7037EB00885BA3 /* MMTableViewCell.m in Sources */ = {isa = PBXBuildFile; fileRef = FC7728551D7037EB00885BA3 /* MMTableViewCell.m */; };
		FCA139E71D7E67A90070037E /* MSubWebViewController.m in Sources */ = {isa = PBXBuildFile; fileRef = FCA139E61D7E67A90070037E /* MSubWebViewController.m */; };
		FCA139E91D7E6AD80070037E /* back_black@2x.png in Resources */ = {isa = PBXBuildFile; fileRef = FCA139E81D7E6AD80070037E /* back_black@2x.png */; };
/* End PBXBuildFile section */

/* Begin PBXFileReference section */
		0E69F8BEE97DA0BB77D5771F /* Pods-MSWebApp_Example.release.xcconfig */ = {isa = PBXFileReference; includeInIndex = 1; lastKnownFileType = text.xcconfig; name = "Pods-MSWebApp_Example.release.xcconfig"; path = "Pods/Target Support Files/Pods-MSWebApp_Example/Pods-MSWebApp_Example.release.xcconfig"; sourceTree = "<group>"; };
		4016119B6EECD51B3AF09B76 /* Pods-MSWebApp_Tests.debug.xcconfig */ = {isa = PBXFileReference; includeInIndex = 1; lastKnownFileType = text.xcconfig; name = "Pods-MSWebApp_Tests.debug.xcconfig"; path = "Pods/Target Support Files/Pods-MSWebApp_Tests/Pods-MSWebApp_Tests.debug.xcconfig"; sourceTree = "<group>"; };
		4FB3AD11916E112636694C51 /* Pods-MSWebApp_Tests.release.xcconfig */ = {isa = PBXFileReference; includeInIndex = 1; lastKnownFileType = text.xcconfig; name = "Pods-MSWebApp_Tests.release.xcconfig"; path = "Pods/Target Support Files/Pods-MSWebApp_Tests/Pods-MSWebApp_Tests.release.xcconfig"; sourceTree = "<group>"; };
		551D2742109DB501FF457EEA /* Pods-MSWebApp_Example.debug.xcconfig */ = {isa = PBXFileReference; includeInIndex = 1; lastKnownFileType = text.xcconfig; name = "Pods-MSWebApp_Example.debug.xcconfig"; path = "Pods/Target Support Files/Pods-MSWebApp_Example/Pods-MSWebApp_Example.debug.xcconfig"; sourceTree = "<group>"; };
		6003F58A195388D20070C39A /* MSWebApp_Example.app */ = {isa = PBXFileReference; explicitFileType = wrapper.application; includeInIndex = 0; path = MSWebApp_Example.app; sourceTree = BUILT_PRODUCTS_DIR; };
		6003F58D195388D20070C39A /* Foundation.framework */ = {isa = PBXFileReference; lastKnownFileType = wrapper.framework; name = Foundation.framework; path = System/Library/Frameworks/Foundation.framework; sourceTree = SDKROOT; };
		6003F58F195388D20070C39A /* CoreGraphics.framework */ = {isa = PBXFileReference; lastKnownFileType = wrapper.framework; name = CoreGraphics.framework; path = System/Library/Frameworks/CoreGraphics.framework; sourceTree = SDKROOT; };
		6003F591195388D20070C39A /* UIKit.framework */ = {isa = PBXFileReference; lastKnownFileType = wrapper.framework; name = UIKit.framework; path = System/Library/Frameworks/UIKit.framework; sourceTree = SDKROOT; };
		6003F595195388D20070C39A /* MSWebApp-Info.plist */ = {isa = PBXFileReference; lastKnownFileType = text.plist.xml; path = "MSWebApp-Info.plist"; sourceTree = "<group>"; };
		6003F597195388D20070C39A /* en */ = {isa = PBXFileReference; lastKnownFileType = text.plist.strings; name = en; path = en.lproj/InfoPlist.strings; sourceTree = "<group>"; };
		6003F599195388D20070C39A /* main.m */ = {isa = PBXFileReference; lastKnownFileType = sourcecode.c.objc; path = main.m; sourceTree = "<group>"; };
		6003F59B195388D20070C39A /* MSWebApp-Prefix.pch */ = {isa = PBXFileReference; lastKnownFileType = sourcecode.c.h; path = "MSWebApp-Prefix.pch"; sourceTree = "<group>"; };
		6003F59C195388D20070C39A /* MAppDelegate.h */ = {isa = PBXFileReference; lastKnownFileType = sourcecode.c.h; path = MAppDelegate.h; sourceTree = "<group>"; };
		6003F59D195388D20070C39A /* MAppDelegate.m */ = {isa = PBXFileReference; lastKnownFileType = sourcecode.c.objc; path = MAppDelegate.m; sourceTree = "<group>"; };
		6003F5A5195388D20070C39A /* MViewController.h */ = {isa = PBXFileReference; lastKnownFileType = sourcecode.c.h; path = MViewController.h; sourceTree = "<group>"; };
		6003F5A6195388D20070C39A /* MViewController.m */ = {isa = PBXFileReference; lastKnownFileType = sourcecode.c.objc; path = MViewController.m; sourceTree = "<group>"; };
		6003F5A8195388D20070C39A /* Images.xcassets */ = {isa = PBXFileReference; lastKnownFileType = folder.assetcatalog; path = Images.xcassets; sourceTree = "<group>"; };
		6003F5AF195388D20070C39A /* XCTest.framework */ = {isa = PBXFileReference; lastKnownFileType = wrapper.framework; name = XCTest.framework; path = Library/Frameworks/XCTest.framework; sourceTree = DEVELOPER_DIR; };
		737BEE1ED9F9269F6531571A /* LICENSE */ = {isa = PBXFileReference; includeInIndex = 1; lastKnownFileType = text; name = LICENSE; path = ../LICENSE; sourceTree = "<group>"; };
		873B8AEA1B1F5CCA007FD442 /* Main.storyboard */ = {isa = PBXFileReference; fileEncoding = 4; lastKnownFileType = file.storyboard; path = Main.storyboard; sourceTree = "<group>"; };
		8812EC7219AEE2B7BB9ED004 /* MSWebApp.podspec */ = {isa = PBXFileReference; includeInIndex = 1; lastKnownFileType = text; name = MSWebApp.podspec; path = ../MSWebApp.podspec; sourceTree = "<group>"; };
		ABB6F2C37B104E0ECA2CA88A /* Pods_MSWebApp_Example.framework */ = {isa = PBXFileReference; explicitFileType = wrapper.framework; includeInIndex = 0; path = Pods_MSWebApp_Example.framework; sourceTree = BUILT_PRODUCTS_DIR; };
		AFBCECE0EC0E940EB7D1F3B7 /* README.md */ = {isa = PBXFileReference; includeInIndex = 1; lastKnownFileType = net.daringfireball.markdown; name = README.md; path = ../README.md; sourceTree = "<group>"; };
		F88F161675728B5BF9128DAC /* libPods-MSWebApp_Tests.a */ = {isa = PBXFileReference; explicitFileType = archive.ar; includeInIndex = 0; path = "libPods-MSWebApp_Tests.a"; sourceTree = BUILT_PRODUCTS_DIR; };
		FC23C5341D802659005AA23F /* folder_blue@2x.png */ = {isa = PBXFileReference; lastKnownFileType = image.png; path = "folder_blue@2x.png"; sourceTree = "<group>"; };
		FC23C5361D8027D1005AA23F /* css@2x.png */ = {isa = PBXFileReference; lastKnownFileType = image.png; path = "css@2x.png"; sourceTree = "<group>"; };
		FC23C5371D8027D1005AA23F /* html@2x.png */ = {isa = PBXFileReference; lastKnownFileType = image.png; path = "html@2x.png"; sourceTree = "<group>"; };
		FC23C5381D8027D1005AA23F /* js@2x.png */ = {isa = PBXFileReference; lastKnownFileType = image.png; path = "js@2x.png"; sourceTree = "<group>"; };
		FC23C5391D8027D1005AA23F /* other@2x.png */ = {isa = PBXFileReference; lastKnownFileType = image.png; path = "other@2x.png"; sourceTree = "<group>"; };
		FC2D29591D7E675F00714B73 /* MS_404_title.jpg */ = {isa = PBXFileReference; lastKnownFileType = image.jpeg; path = MS_404_title.jpg; sourceTree = "<group>"; };
		FC2D295A1D7E675F00714B73 /* MS_404.jpg */ = {isa = PBXFileReference; lastKnownFileType = image.jpeg; path = MS_404.jpg; sourceTree = "<group>"; };
		FC2D295B1D7E675F00714B73 /* MSWeb_404.htm */ = {isa = PBXFileReference; fileEncoding = 4; lastKnownFileType = text.html; path = MSWeb_404.htm; sourceTree = "<group>"; };
		FC7728421D6FD06200885BA3 /* Launch Screen.storyboard */ = {isa = PBXFileReference; fileEncoding = 4; lastKnownFileType = file.storyboard; path = "Launch Screen.storyboard"; sourceTree = "<group>"; };
		FC7728541D7037EB00885BA3 /* MMTableViewCell.h */ = {isa = PBXFileReference; fileEncoding = 4; lastKnownFileType = sourcecode.c.h; path = MMTableViewCell.h; sourceTree = "<group>"; };
		FC7728551D7037EB00885BA3 /* MMTableViewCell.m */ = {isa = PBXFileReference; fileEncoding = 4; lastKnownFileType = sourcecode.c.objc; path = MMTableViewCell.m; sourceTree = "<group>"; };
		FCA139E51D7E67A90070037E /* MSubWebViewController.h */ = {isa = PBXFileReference; fileEncoding = 4; lastKnownFileType = sourcecode.c.h; path = MSubWebViewController.h; sourceTree = "<group>"; };
		FCA139E61D7E67A90070037E /* MSubWebViewController.m */ = {isa = PBXFileReference; fileEncoding = 4; lastKnownFileType = sourcecode.c.objc; path = MSubWebViewController.m; sourceTree = "<group>"; };
		FCA139E81D7E6AD80070037E /* back_black@2x.png */ = {isa = PBXFileReference; lastKnownFileType = image.png; path = "back_black@2x.png"; sourceTree = "<group>"; };
/* End PBXFileReference section */

/* Begin PBXFrameworksBuildPhase section */
		6003F587195388D20070C39A /* Frameworks */ = {
			isa = PBXFrameworksBuildPhase;
			buildActionMask = 2147483647;
			files = (
				6003F590195388D20070C39A /* CoreGraphics.framework in Frameworks */,
				6003F592195388D20070C39A /* UIKit.framework in Frameworks */,
				6003F58E195388D20070C39A /* Foundation.framework in Frameworks */,
				45D11844D8A76B88FA2E8AC7 /* Pods_MSWebApp_Example.framework in Frameworks */,
			);
			runOnlyForDeploymentPostprocessing = 0;
		};
/* End PBXFrameworksBuildPhase section */

/* Begin PBXGroup section */
		1815437D263D5A1FEFDE952A /* Pods */ = {
			isa = PBXGroup;
			children = (
				551D2742109DB501FF457EEA /* Pods-MSWebApp_Example.debug.xcconfig */,
				0E69F8BEE97DA0BB77D5771F /* Pods-MSWebApp_Example.release.xcconfig */,
				4016119B6EECD51B3AF09B76 /* Pods-MSWebApp_Tests.debug.xcconfig */,
				4FB3AD11916E112636694C51 /* Pods-MSWebApp_Tests.release.xcconfig */,
			);
			name = Pods;
			sourceTree = "<group>";
		};
		6003F581195388D10070C39A = {
			isa = PBXGroup;
			children = (
				60FF7A9C1954A5C5007DD14C /* Podspec Metadata */,
				6003F593195388D20070C39A /* Example for MSWebApp */,
				6003F58C195388D20070C39A /* Frameworks */,
				6003F58B195388D20070C39A /* Products */,
				1815437D263D5A1FEFDE952A /* Pods */,
			);
			sourceTree = "<group>";
		};
		6003F58B195388D20070C39A /* Products */ = {
			isa = PBXGroup;
			children = (
				6003F58A195388D20070C39A /* MSWebApp_Example.app */,
			);
			name = Products;
			sourceTree = "<group>";
		};
		6003F58C195388D20070C39A /* Frameworks */ = {
			isa = PBXGroup;
			children = (
				6003F58D195388D20070C39A /* Foundation.framework */,
				6003F58F195388D20070C39A /* CoreGraphics.framework */,
				6003F591195388D20070C39A /* UIKit.framework */,
				6003F5AF195388D20070C39A /* XCTest.framework */,
				F88F161675728B5BF9128DAC /* libPods-MSWebApp_Tests.a */,
				ABB6F2C37B104E0ECA2CA88A /* Pods_MSWebApp_Example.framework */,
			);
			name = Frameworks;
			sourceTree = "<group>";
		};
		6003F593195388D20070C39A /* Example for MSWebApp */ = {
			isa = PBXGroup;
			children = (
				FC23C5361D8027D1005AA23F /* css@2x.png */,
				FC23C5371D8027D1005AA23F /* html@2x.png */,
				FC23C5381D8027D1005AA23F /* js@2x.png */,
				FC23C5391D8027D1005AA23F /* other@2x.png */,
				FC23C5341D802659005AA23F /* folder_blue@2x.png */,
				FCA139E81D7E6AD80070037E /* back_black@2x.png */,
				FC2D29591D7E675F00714B73 /* MS_404_title.jpg */,
				FC2D295A1D7E675F00714B73 /* MS_404.jpg */,
				FC2D295B1D7E675F00714B73 /* MSWeb_404.htm */,
				6003F59C195388D20070C39A /* MAppDelegate.h */,
				6003F59D195388D20070C39A /* MAppDelegate.m */,
				873B8AEA1B1F5CCA007FD442 /* Main.storyboard */,
				6003F5A5195388D20070C39A /* MViewController.h */,
				6003F5A6195388D20070C39A /* MViewController.m */,
				FCA139E51D7E67A90070037E /* MSubWebViewController.h */,
				FCA139E61D7E67A90070037E /* MSubWebViewController.m */,
				FC7728541D7037EB00885BA3 /* MMTableViewCell.h */,
				FC7728551D7037EB00885BA3 /* MMTableViewCell.m */,
				6003F5A8195388D20070C39A /* Images.xcassets */,
				6003F594195388D20070C39A /* Supporting Files */,
				FC7728421D6FD06200885BA3 /* Launch Screen.storyboard */,
			);
			name = "Example for MSWebApp";
			path = MSWebApp;
			sourceTree = "<group>";
		};
		6003F594195388D20070C39A /* Supporting Files */ = {
			isa = PBXGroup;
			children = (
				6003F595195388D20070C39A /* MSWebApp-Info.plist */,
				6003F596195388D20070C39A /* InfoPlist.strings */,
				6003F599195388D20070C39A /* main.m */,
				6003F59B195388D20070C39A /* MSWebApp-Prefix.pch */,
			);
			name = "Supporting Files";
			sourceTree = "<group>";
		};
		60FF7A9C1954A5C5007DD14C /* Podspec Metadata */ = {
			isa = PBXGroup;
			children = (
				8812EC7219AEE2B7BB9ED004 /* MSWebApp.podspec */,
				AFBCECE0EC0E940EB7D1F3B7 /* README.md */,
				737BEE1ED9F9269F6531571A /* LICENSE */,
			);
			name = "Podspec Metadata";
			sourceTree = "<group>";
		};
/* End PBXGroup section */

/* Begin PBXNativeTarget section */
		6003F589195388D20070C39A /* MSWebApp_Example */ = {
			isa = PBXNativeTarget;
			buildConfigurationList = 6003F5BF195388D20070C39A /* Build configuration list for PBXNativeTarget "MSWebApp_Example" */;
			buildPhases = (
				389E9D8249A6B1CC54B599AB /* [CP] Check Pods Manifest.lock */,
				6003F586195388D20070C39A /* Sources */,
				6003F587195388D20070C39A /* Frameworks */,
				6003F588195388D20070C39A /* Resources */,
				01EFC477BE78D3687506452F /* [CP] Embed Pods Frameworks */,
				490C36E33CA3A38351AC4867 /* [CP] Copy Pods Resources */,
			);
			buildRules = (
			);
			dependencies = (
			);
			name = MSWebApp_Example;
			productName = MSWebApp;
			productReference = 6003F58A195388D20070C39A /* MSWebApp_Example.app */;
			productType = "com.apple.product-type.application";
		};
/* End PBXNativeTarget section */

/* Begin PBXProject section */
		6003F582195388D10070C39A /* Project object */ = {
			isa = PBXProject;
			attributes = {
				CLASSPREFIX = M;
				LastUpgradeCheck = 0800;
				ORGANIZATIONNAME = Dylan;
				TargetAttributes = {
					6003F589195388D20070C39A = {
						DevelopmentTeam = 47X3SWHDZ6;
						ProvisioningStyle = Automatic;
					};
				};
			};
			buildConfigurationList = 6003F585195388D10070C39A /* Build configuration list for PBXProject "MSWebApp" */;
			compatibilityVersion = "Xcode 3.2";
			developmentRegion = English;
			hasScannedForEncodings = 0;
			knownRegions = (
				en,
				Base,
			);
			mainGroup = 6003F581195388D10070C39A;
			productRefGroup = 6003F58B195388D20070C39A /* Products */;
			projectDirPath = "";
			projectRoot = "";
			targets = (
				6003F589195388D20070C39A /* MSWebApp_Example */,
			);
		};
/* End PBXProject section */

/* Begin PBXResourcesBuildPhase section */
		6003F588195388D20070C39A /* Resources */ = {
			isa = PBXResourcesBuildPhase;
			buildActionMask = 2147483647;
			files = (
				FC2D295D1D7E675F00714B73 /* MS_404.jpg in Resources */,
				873B8AEB1B1F5CCA007FD442 /* Main.storyboard in Resources */,
				FC2D295C1D7E675F00714B73 /* MS_404_title.jpg in Resources */,
				FC23C53C1D8027D1005AA23F /* js@2x.png in Resources */,
				FCA139E91D7E6AD80070037E /* back_black@2x.png in Resources */,
				FC23C53A1D8027D1005AA23F /* css@2x.png in Resources */,
				FC23C53B1D8027D1005AA23F /* html@2x.png in Resources */,
				FC23C5351D802659005AA23F /* folder_blue@2x.png in Resources */,
				6003F5A9195388D20070C39A /* Images.xcassets in Resources */,
				FC2D295E1D7E675F00714B73 /* MSWeb_404.htm in Resources */,
				FC23C53D1D8027D1005AA23F /* other@2x.png in Resources */,
				FC7728431D6FD06200885BA3 /* Launch Screen.storyboard in Resources */,
				6003F598195388D20070C39A /* InfoPlist.strings in Resources */,
			);
			runOnlyForDeploymentPostprocessing = 0;
		};
/* End PBXResourcesBuildPhase section */

/* Begin PBXShellScriptBuildPhase section */
		01EFC477BE78D3687506452F /* [CP] Embed Pods Frameworks */ = {
			isa = PBXShellScriptBuildPhase;
			buildActionMask = 2147483647;
			files = (
			);
			inputPaths = (
			);
			name = "[CP] Embed Pods Frameworks";
			outputPaths = (
			);
			runOnlyForDeploymentPostprocessing = 0;
			shellPath = /bin/sh;
			shellScript = "\"${SRCROOT}/Pods/Target Support Files/Pods-MSWebApp_Example/Pods-MSWebApp_Example-frameworks.sh\"\n";
			showEnvVarsInLog = 0;
		};
		389E9D8249A6B1CC54B599AB /* [CP] Check Pods Manifest.lock */ = {
			isa = PBXShellScriptBuildPhase;
			buildActionMask = 2147483647;
			files = (
			);
			inputPaths = (
			);
			name = "[CP] Check Pods Manifest.lock";
			outputPaths = (
			);
			runOnlyForDeploymentPostprocessing = 0;
			shellPath = /bin/sh;
			shellScript = "diff \"${PODS_ROOT}/../Podfile.lock\" \"${PODS_ROOT}/Manifest.lock\" > /dev/null\nif [ $? != 0 ] ; then\n    # print error to STDERR\n    echo \"error: The sandbox is not in sync with the Podfile.lock. Run 'pod install' or update your CocoaPods installation.\" >&2\n    exit 1\nfi\n";
			showEnvVarsInLog = 0;
		};
		490C36E33CA3A38351AC4867 /* [CP] Copy Pods Resources */ = {
			isa = PBXShellScriptBuildPhase;
			buildActionMask = 2147483647;
			files = (
			);
			inputPaths = (
			);
			name = "[CP] Copy Pods Resources";
			outputPaths = (
			);
			runOnlyForDeploymentPostprocessing = 0;
			shellPath = /bin/sh;
			shellScript = "\"${SRCROOT}/Pods/Target Support Files/Pods-MSWebApp_Example/Pods-MSWebApp_Example-resources.sh\"\n";
			showEnvVarsInLog = 0;
		};
/* End PBXShellScriptBuildPhase section */

/* Begin PBXSourcesBuildPhase section */
		6003F586195388D20070C39A /* Sources */ = {
			isa = PBXSourcesBuildPhase;
			buildActionMask = 2147483647;
			files = (
				6003F59E195388D20070C39A /* MAppDelegate.m in Sources */,
				FC7728561D7037EB00885BA3 /* MMTableViewCell.m in Sources */,
				6003F5A7195388D20070C39A /* MViewController.m in Sources */,
				6003F59A195388D20070C39A /* main.m in Sources */,
				FCA139E71D7E67A90070037E /* MSubWebViewController.m in Sources */,
			);
			runOnlyForDeploymentPostprocessing = 0;
		};
/* End PBXSourcesBuildPhase section */

/* Begin PBXVariantGroup section */
		6003F596195388D20070C39A /* InfoPlist.strings */ = {
			isa = PBXVariantGroup;
			children = (
				6003F597195388D20070C39A /* en */,
			);
			name = InfoPlist.strings;
			sourceTree = "<group>";
		};
/* End PBXVariantGroup section */

/* Begin XCBuildConfiguration section */
		6003F5BD195388D20070C39A /* Debug */ = {
			isa = XCBuildConfiguration;
			buildSettings = {
				ALWAYS_SEARCH_USER_PATHS = NO;
				CLANG_CXX_LANGUAGE_STANDARD = "gnu++0x";
				CLANG_CXX_LIBRARY = "libc++";
				CLANG_ENABLE_MODULES = YES;
				CLANG_ENABLE_OBJC_ARC = YES;
				CLANG_WARN_BOOL_CONVERSION = YES;
				CLANG_WARN_CONSTANT_CONVERSION = YES;
				CLANG_WARN_DIRECT_OBJC_ISA_USAGE = YES_ERROR;
				CLANG_WARN_EMPTY_BODY = YES;
				CLANG_WARN_ENUM_CONVERSION = YES;
				CLANG_WARN_INFINITE_RECURSION = YES;
				CLANG_WARN_INT_CONVERSION = YES;
				CLANG_WARN_OBJC_ROOT_CLASS = YES_ERROR;
				CLANG_WARN_SUSPICIOUS_MOVE = YES;
				CLANG_WARN_UNREACHABLE_CODE = YES;
				CLANG_WARN__DUPLICATE_METHOD_MATCH = YES;
				"CODE_SIGN_IDENTITY[sdk=iphoneos*]" = "iPhone Developer";
				COPY_PHASE_STRIP = NO;
				ENABLE_STRICT_OBJC_MSGSEND = YES;
				ENABLE_TESTABILITY = YES;
				GCC_C_LANGUAGE_STANDARD = gnu99;
				GCC_DYNAMIC_NO_PIC = NO;
				GCC_NO_COMMON_BLOCKS = YES;
				GCC_OPTIMIZATION_LEVEL = 0;
				GCC_PREPROCESSOR_DEFINITIONS = (
					"DEBUG=1",
					"$(inherited)",
				);
				GCC_SYMBOLS_PRIVATE_EXTERN = NO;
				GCC_WARN_64_TO_32_BIT_CONVERSION = YES;
				GCC_WARN_ABOUT_RETURN_TYPE = YES_ERROR;
				GCC_WARN_UNDECLARED_SELECTOR = YES;
				GCC_WARN_UNINITIALIZED_AUTOS = YES_AGGRESSIVE;
				GCC_WARN_UNUSED_FUNCTION = YES;
				GCC_WARN_UNUSED_VARIABLE = YES;
				IPHONEOS_DEPLOYMENT_TARGET = 8.3;
				ONLY_ACTIVE_ARCH = YES;
				SDKROOT = iphoneos;
				TARGETED_DEVICE_FAMILY = "1,2";
			};
			name = Debug;
		};
		6003F5BE195388D20070C39A /* Release */ = {
			isa = XCBuildConfiguration;
			buildSettings = {
				ALWAYS_SEARCH_USER_PATHS = NO;
				CLANG_CXX_LANGUAGE_STANDARD = "gnu++0x";
				CLANG_CXX_LIBRARY = "libc++";
				CLANG_ENABLE_MODULES = YES;
				CLANG_ENABLE_OBJC_ARC = YES;
				CLANG_WARN_BOOL_CONVERSION = YES;
				CLANG_WARN_CONSTANT_CONVERSION = YES;
				CLANG_WARN_DIRECT_OBJC_ISA_USAGE = YES_ERROR;
				CLANG_WARN_EMPTY_BODY = YES;
				CLANG_WARN_ENUM_CONVERSION = YES;
				CLANG_WARN_INFINITE_RECURSION = YES;
				CLANG_WARN_INT_CONVERSION = YES;
				CLANG_WARN_OBJC_ROOT_CLASS = YES_ERROR;
				CLANG_WARN_SUSPICIOUS_MOVE = YES;
				CLANG_WARN_UNREACHABLE_CODE = YES;
				CLANG_WARN__DUPLICATE_METHOD_MATCH = YES;
				"CODE_SIGN_IDENTITY[sdk=iphoneos*]" = "iPhone Developer";
				COPY_PHASE_STRIP = YES;
				ENABLE_NS_ASSERTIONS = NO;
				ENABLE_STRICT_OBJC_MSGSEND = YES;
				GCC_C_LANGUAGE_STANDARD = gnu99;
				GCC_NO_COMMON_BLOCKS = YES;
				GCC_WARN_64_TO_32_BIT_CONVERSION = YES;
				GCC_WARN_ABOUT_RETURN_TYPE = YES_ERROR;
				GCC_WARN_UNDECLARED_SELECTOR = YES;
				GCC_WARN_UNINITIALIZED_AUTOS = YES_AGGRESSIVE;
				GCC_WARN_UNUSED_FUNCTION = YES;
				GCC_WARN_UNUSED_VARIABLE = YES;
				IPHONEOS_DEPLOYMENT_TARGET = 8.3;
				SDKROOT = iphoneos;
				TARGETED_DEVICE_FAMILY = "1,2";
				VALIDATE_PRODUCT = YES;
			};
			name = Release;
		};
		6003F5C0195388D20070C39A /* Debug */ = {
			isa = XCBuildConfiguration;
			baseConfigurationReference = 551D2742109DB501FF457EEA /* Pods-MSWebApp_Example.debug.xcconfig */;
			buildSettings = {
				ASSETCATALOG_COMPILER_APPICON_NAME = AppIcon;
				ASSETCATALOG_COMPILER_LAUNCHIMAGE_NAME = LaunchImage;
				"CODE_SIGN_IDENTITY[sdk=iphoneos*]" = "iPhone Developer";
				DEVELOPMENT_TEAM = 47X3SWHDZ6;
				GCC_PRECOMPILE_PREFIX_HEADER = YES;
				GCC_PREFIX_HEADER = "MSWebApp/MSWebApp-Prefix.pch";
				INFOPLIST_FILE = "MSWebApp/MSWebApp-Info.plist";
				IPHONEOS_DEPLOYMENT_TARGET = 10.0;
				MODULE_NAME = ExampleApp;
				PRODUCT_BUNDLE_IDENTIFIER = "org.cocoapods.demo.${PRODUCT_NAME:rfc1034identifier}";
				PRODUCT_NAME = "$(TARGET_NAME)";
				TARGETED_DEVICE_FAMILY = "1,2";
				WRAPPER_EXTENSION = app;
			};
			name = Debug;
		};
		6003F5C1195388D20070C39A /* Release */ = {
			isa = XCBuildConfiguration;
			baseConfigurationReference = 0E69F8BEE97DA0BB77D5771F /* Pods-MSWebApp_Example.release.xcconfig */;
			buildSettings = {
				ASSETCATALOG_COMPILER_APPICON_NAME = AppIcon;
				ASSETCATALOG_COMPILER_LAUNCHIMAGE_NAME = LaunchImage;
				"CODE_SIGN_IDENTITY[sdk=iphoneos*]" = "iPhone Developer";
				DEVELOPMENT_TEAM = 47X3SWHDZ6;
				GCC_PRECOMPILE_PREFIX_HEADER = YES;
				GCC_PREFIX_HEADER = "MSWebApp/MSWebApp-Prefix.pch";
				INFOPLIST_FILE = "MSWebApp/MSWebApp-Info.plist";
				IPHONEOS_DEPLOYMENT_TARGET = 10.0;
				MODULE_NAME = ExampleApp;
				PRODUCT_BUNDLE_IDENTIFIER = "org.cocoapods.demo.${PRODUCT_NAME:rfc1034identifier}";
				PRODUCT_NAME = "$(TARGET_NAME)";
				TARGETED_DEVICE_FAMILY = "1,2";
				WRAPPER_EXTENSION = app;
			};
			name = Release;
		};
/* End XCBuildConfiguration section */

/* Begin XCConfigurationList section */
		6003F585195388D10070C39A /* Build configuration list for PBXProject "MSWebApp" */ = {
			isa = XCConfigurationList;
			buildConfigurations = (
				6003F5BD195388D20070C39A /* Debug */,
				6003F5BE195388D20070C39A /* Release */,
			);
			defaultConfigurationIsVisible = 0;
			defaultConfigurationName = Release;
		};
		6003F5BF195388D20070C39A /* Build configuration list for PBXNativeTarget "MSWebApp_Example" */ = {
			isa = XCConfigurationList;
			buildConfigurations = (
				6003F5C0195388D20070C39A /* Debug */,
				6003F5C1195388D20070C39A /* Release */,
			);
			defaultConfigurationIsVisible = 0;
			defaultConfigurationName = Release;
		};
/* End XCConfigurationList section */
	};
	rootObject = 6003F582195388D10070C39A /* Project object */;
}
